
Microsoft Visual Studio Solution File, Format Version 12.00
# Visual Studio Version 17
VisualStudioVersion = 17.4.33205.214
MinimumVisualStudioVersion = 10.0.40219.1
Project("{FAE04EC0-301F-11D3-BF4B-00C04F79EFBC}") = "PartyInvites", "PartyInvites.csproj", "{A79B7AC8-86C7-4D4C-A2C4-07792546FD46}"
EndProject
Global
	GlobalSection(SolutionConfigurationPlatforms) = preSolution
		Debug|Any CPU = Debug|Any CPU
		Release|Any CPU = Release|Any CPU
	EndGlobalSection
	GlobalSection(ProjectConfigurationPlatforms) = postSolution
		{A79B7AC8-86C7-4D4C-A2C4-07792546FD46}.Debug|Any CPU.ActiveCfg = Debug|Any CPU
		{A79B7AC8-86C7-4D4C-A2C4-07792546FD46}.Debug|Any CPU.Build.0 = Debug|Any CPU
		{A79B7AC8-86C7-4D4C-A2C4-07792546FD46}.Release|Any CPU.ActiveCfg = Release|Any CPU
		{A79B7AC8-86C7-4D4C-A2C4-07792546FD46}.Release|Any CPU.Build.0 = Release|Any CPU
	EndGlobalSection
	GlobalSection(SolutionProperties) = preSolution
		HideSolutionNode = FALSE
	EndGlobalSection
	GlobalSection(ExtensibilityGlobals) = postSolution
		SolutionGuid = {B5BEC2CC-6C7D-4790-993D-E44F56B7A70C}
	EndGlobalSection
EndGlobal
