
Microsoft Visual Studio Solution File, Format Version 12.00
# Visual Studio Version 17
VisualStudioVersion = 17.2.32616.157
MinimumVisualStudioVersion = 10.0.40219.1
Project("{2150E333-8FDC-42A3-9474-1A3956D46DE8}") = "Common", "Common", "{3B79CFCB-1B31-4AA4-A4BB-197163365ED4}"
EndProject
Project("{2150E333-8FDC-42A3-9474-1A3956D46DE8}") = "Presentation", "Presentation", "{CE49B6DF-B40D-4A63-9662-6D2B47943DAC}"
EndProject
Project("{FAE04EC0-301F-11D3-BF4B-00C04F79EFBC}") = "Core", "Common\Core\Core.csproj", "{E273441C-6FD3-4023-8FFB-CF44FFC984D2}"
EndProject
Project("{FAE04EC0-301F-11D3-BF4B-00C04F79EFBC}") = "Business", "Common\Business\Business.csproj", "{B211C59C-E9A9-4100-A8AC-BF9C71090A78}"
EndProject
Project("{FAE04EC0-301F-11D3-BF4B-00C04F79EFBC}") = "Data", "Common\Data\Data.csproj", "{C00A9331-583E-4B50-BDDD-A36C400FEFA2}"
EndProject
Project("{FAE04EC0-301F-11D3-BF4B-00C04F79EFBC}") = "WebApplication", "Presentation\WebApplication\WebApplication.csproj", "{836A1D3E-9911-4F19-9773-521707EA0CD3}"
EndProject
Global
	GlobalSection(SolutionConfigurationPlatforms) = preSolution
		Debug|Any CPU = Debug|Any CPU
		Release|Any CPU = Release|Any CPU
	EndGlobalSection
	GlobalSection(ProjectConfigurationPlatforms) = postSolution
		{E273441C-6FD3-4023-8FFB-CF44FFC984D2}.Debug|Any CPU.ActiveCfg = Debug|Any CPU
		{E273441C-6FD3-4023-8FFB-CF44FFC984D2}.Debug|Any CPU.Build.0 = Debug|Any CPU
		{E273441C-6FD3-4023-8FFB-CF44FFC984D2}.Release|Any CPU.ActiveCfg = Release|Any CPU
		{E273441C-6FD3-4023-8FFB-CF44FFC984D2}.Release|Any CPU.Build.0 = Release|Any CPU
		{B211C59C-E9A9-4100-A8AC-BF9C71090A78}.Debug|Any CPU.ActiveCfg = Debug|Any CPU
		{B211C59C-E9A9-4100-A8AC-BF9C71090A78}.Debug|Any CPU.Build.0 = Debug|Any CPU
		{B211C59C-E9A9-4100-A8AC-BF9C71090A78}.Release|Any CPU.ActiveCfg = Release|Any CPU
		{B211C59C-E9A9-4100-A8AC-BF9C71090A78}.Release|Any CPU.Build.0 = Release|Any CPU
		{C00A9331-583E-4B50-BDDD-A36C400FEFA2}.Debug|Any CPU.ActiveCfg = Debug|Any CPU
		{C00A9331-583E-4B50-BDDD-A36C400FEFA2}.Debug|Any CPU.Build.0 = Debug|Any CPU
		{C00A9331-583E-4B50-BDDD-A36C400FEFA2}.Release|Any CPU.ActiveCfg = Release|Any CPU
		{C00A9331-583E-4B50-BDDD-A36C400FEFA2}.Release|Any CPU.Build.0 = Release|Any CPU
		{836A1D3E-9911-4F19-9773-521707EA0CD3}.Debug|Any CPU.ActiveCfg = Debug|Any CPU
		{836A1D3E-9911-4F19-9773-521707EA0CD3}.Debug|Any CPU.Build.0 = Debug|Any CPU
		{836A1D3E-9911-4F19-9773-521707EA0CD3}.Release|Any CPU.ActiveCfg = Release|Any CPU
		{836A1D3E-9911-4F19-9773-521707EA0CD3}.Release|Any CPU.Build.0 = Release|Any CPU
	EndGlobalSection
	GlobalSection(SolutionProperties) = preSolution
		HideSolutionNode = FALSE
	EndGlobalSection
	GlobalSection(NestedProjects) = preSolution
		{E273441C-6FD3-4023-8FFB-CF44FFC984D2} = {3B79CFCB-1B31-4AA4-A4BB-197163365ED4}
		{B211C59C-E9A9-4100-A8AC-BF9C71090A78} = {3B79CFCB-1B31-4AA4-A4BB-197163365ED4}
		{C00A9331-583E-4B50-BDDD-A36C400FEFA2} = {3B79CFCB-1B31-4AA4-A4BB-197163365ED4}
		{836A1D3E-9911-4F19-9773-521707EA0CD3} = {CE49B6DF-B40D-4A63-9662-6D2B47943DAC}
	EndGlobalSection
	GlobalSection(ExtensibilityGlobals) = postSolution
		SolutionGuid = {C8494D97-506E-475E-A889-ECB084D82555}
	EndGlobalSection
EndGlobal
