
Microsoft Visual Studio Solution File, Format Version 12.00
# Visual Studio Version 17
VisualStudioVersion = 17.4.33205.214
MinimumVisualStudioVersion = 10.0.40219.1
Project("{FAE04EC0-301F-11D3-BF4B-00C04F79EFBC}") = "codewars", "codewars.csproj", "{1FE23EAC-FA7F-423B-B27B-2C3E3ABC1B40}"
EndProject
Global
	GlobalSection(SolutionConfigurationPlatforms) = preSolution
		Debug|Any CPU = Debug|Any CPU
		Release|Any CPU = Release|Any CPU
	EndGlobalSection
	GlobalSection(ProjectConfigurationPlatforms) = postSolution
		{1FE23EAC-FA7F-423B-B27B-2C3E3ABC1B40}.Debug|Any CPU.ActiveCfg = Debug|Any CPU
		{1FE23EAC-FA7F-423B-B27B-2C3E3ABC1B40}.Debug|Any CPU.Build.0 = Debug|Any CPU
		{1FE23EAC-FA7F-423B-B27B-2C3E3ABC1B40}.Release|Any CPU.ActiveCfg = Release|Any CPU
		{1FE23EAC-FA7F-423B-B27B-2C3E3ABC1B40}.Release|Any CPU.Build.0 = Release|Any CPU
	EndGlobalSection
	GlobalSection(SolutionProperties) = preSolution
		HideSolutionNode = FALSE
	EndGlobalSection
	GlobalSection(ExtensibilityGlobals) = postSolution
		SolutionGuid = {140B75CD-87D7-406C-AB4B-921A030BAD53}
	EndGlobalSection
EndGlobal
